// !$*UTF8*$!
{
	archiveVersion = 1;
	classes = {
	};
	objectVersion = 55;
	objects = {

/* Begin PBXBuildFile section */
		C5FBE1BF28532A460073E4EF /* main.swift in Sources */ = {isa = PBXBuildFile; fileRef = C592914B284DCB92004D56D0 /* main.swift */; };
/* End PBXBuildFile section */

/* Begin PBXCopyFilesBuildPhase section */
		C5929146284DCB92004D56D0 /* CopyFiles */ = {
			isa = PBXCopyFilesBuildPhase;
			buildActionMask = 2147483647;
			dstPath = /usr/share/man/man1/;
			dstSubfolderSpec = 0;
			files = (
			);
			runOnlyForDeploymentPostprocessing = 1;
		};
/* End PBXCopyFilesBuildPhase section */

/* Begin PBXFileReference section */
		C52BED73286BFC78002D3E5C /* 백준1978(수학-소수찾기).swift */ = {isa = PBXFileReference; lastKnownFileType = sourcecode.swift; path = "백준1978(수학-소수찾기).swift"; sourceTree = "<group>"; };
		C550C3052865E4C20005C59E /* 백준1932(다이나믹-정수삼각형).swift */ = {isa = PBXFileReference; lastKnownFileType = sourcecode.swift; path = "백준1932(다이나믹-정수삼각형).swift"; sourceTree = "<group>"; };
		C5540DAD284F3DE600B69ED8 /* 백준1926.swift */ = {isa = PBXFileReference; lastKnownFileType = sourcecode.swift; path = "백준1926.swift"; sourceTree = "<group>"; };
		C5540DAF284F454A00B69ED8 /* 백준1475.swift */ = {isa = PBXFileReference; lastKnownFileType = sourcecode.swift; path = "백준1475.swift"; sourceTree = "<group>"; };
		C5540DB4284F60F800B69ED8 /* 백준3273.swift */ = {isa = PBXFileReference; lastKnownFileType = sourcecode.swift; path = "백준3273.swift"; sourceTree = "<group>"; };
		C56103832868A7E1006F1E67 /* ❌백준1912(다이나믹-연속합).swift */ = {isa = PBXFileReference; lastKnownFileType = sourcecode.swift; path = "❌백준1912(다이나믹-연속합).swift"; sourceTree = "<group>"; };
		C57CA398285ED03100B17D66 /*  백준7795(정렬-먹을것인가 먹힐것인가).swift */ = {isa = PBXFileReference; lastKnownFileType = sourcecode.swift; path = " 백준7795(정렬-먹을것인가 먹힐것인가).swift"; sourceTree = "<group>"; };
		C5929148284DCB92004D56D0 /* algorithm */ = {isa = PBXFileReference; explicitFileType = "compiled.mach-o.executable"; includeInIndex = 0; path = algorithm; sourceTree = BUILT_PRODUCTS_DIR; };
		C592914B284DCB92004D56D0 /* main.swift */ = {isa = PBXFileReference; lastKnownFileType = sourcecode.swift; path = main.swift; sourceTree = "<group>"; };
		C592915A284DDCB7004D56D0 /* 백준1406.swift */ = {isa = PBXFileReference; lastKnownFileType = sourcecode.swift; path = "백준1406.swift"; sourceTree = "<group>"; };
		C592915B284DDCB7004D56D0 /* 백준2587.swift */ = {isa = PBXFileReference; lastKnownFileType = sourcecode.swift; path = "백준2587.swift"; sourceTree = "<group>"; };
		C592915C284DDCB7004D56D0 /* 백준5430.swift */ = {isa = PBXFileReference; lastKnownFileType = sourcecode.swift; path = "백준5430.swift"; sourceTree = "<group>"; };
		C592915D284DDCB7004D56D0 /* 백준10808.swift */ = {isa = PBXFileReference; lastKnownFileType = sourcecode.swift; path = "백준10808.swift"; sourceTree = "<group>"; };
		C592915E284DDCB7004D56D0 /* 백준10866.swift */ = {isa = PBXFileReference; lastKnownFileType = sourcecode.swift; path = "백준10866.swift"; sourceTree = "<group>"; };
		C592915F284DF669004D56D0 /* 백준 1021.swift */ = {isa = PBXFileReference; lastKnownFileType = sourcecode.swift; path = "백준 1021.swift"; sourceTree = "<group>"; };
		C5A9BB9A286AEFDD0075D3D4 /* 백준11047(그리디-동전).swift */ = {isa = PBXFileReference; lastKnownFileType = sourcecode.swift; path = "백준11047(그리디-동전).swift"; sourceTree = "<group>"; };
		C5AE1208286D9D04003E7947 /* ⏰백준1929(수학-소수구하기).swift */ = {isa = PBXFileReference; lastKnownFileType = sourcecode.swift; path = "⏰백준1929(수학-소수구하기).swift"; sourceTree = "<group>"; };
		C5C23688286E956A00B0E2E6 /* 백준1920(이분탐색-수찾기).swift */ = {isa = PBXFileReference; lastKnownFileType = sourcecode.swift; path = "백준1920(이분탐색-수찾기).swift"; sourceTree = "<group>"; };
		C5C8A7A32850A609006A90F4 /* 백준2178(DFS-미로).swift */ = {isa = PBXFileReference; lastKnownFileType = sourcecode.swift; path = "백준2178(DFS-미로).swift"; sourceTree = "<group>"; };
		C5DDA98B2854333C0074BB2D /* 백준7576(DFS-토마토).swift */ = {isa = PBXFileReference; lastKnownFileType = sourcecode.swift; path = "백준7576(DFS-토마토).swift"; sourceTree = "<group>"; };
		C5DE4410285AD44800202B7E /* 백준5648(정렬-역원소정렬).swift */ = {isa = PBXFileReference; lastKnownFileType = sourcecode.swift; path = "백준5648(정렬-역원소정렬).swift"; sourceTree = "<group>"; };
		C5DE4412285AE95200202B7E /* 백준1181(정렬-단어정렬).swift */ = {isa = PBXFileReference; lastKnownFileType = sourcecode.swift; path = "백준1181(정렬-단어정렬).swift"; sourceTree = "<group>"; };
		C5F69C352866EF5D002FE600 /* ❌백준2579(다이나믹-계단오르기).swift */ = {isa = PBXFileReference; lastKnownFileType = sourcecode.swift; path = "❌백준2579(다이나믹-계단오르기).swift"; sourceTree = "<group>"; };
		C5FBE1C22853344C0073E4EF /* MyPlayground.playground */ = {isa = PBXFileReference; lastKnownFileType = file.playground; name = MyPlayground.playground; path = Algorithm/MyPlayground.playground; sourceTree = SOURCE_ROOT; xcLanguageSpecificationIdentifier = xcode.lang.swift; };
/* End PBXFileReference section */

/* Begin PBXFrameworksBuildPhase section */
		C5929145284DCB92004D56D0 /* Frameworks */ = {
			isa = PBXFrameworksBuildPhase;
			buildActionMask = 2147483647;
			files = (
			);
			runOnlyForDeploymentPostprocessing = 0;
		};
/* End PBXFrameworksBuildPhase section */

/* Begin PBXGroup section */
		C592913F284DCB92004D56D0 = {
			isa = PBXGroup;
			children = (
				C592914A284DCB92004D56D0 /* algorithm */,
				C5929149284DCB92004D56D0 /* Products */,
			);
			sourceTree = "<group>";
		};
		C5929149284DCB92004D56D0 /* Products */ = {
			isa = PBXGroup;
			children = (
				C5929148284DCB92004D56D0 /* algorithm */,
			);
			name = Products;
			sourceTree = "<group>";
		};
		C592914A284DCB92004D56D0 /* algorithm */ = {
			isa = PBXGroup;
			children = (
				C592914B284DCB92004D56D0 /* main.swift */,
				C5FBE1C22853344C0073E4EF /* MyPlayground.playground */,
				C5929159284DDCB7004D56D0 /* success */,
			);
			path = algorithm;
			sourceTree = "<group>";
		};
		C5929159284DDCB7004D56D0 /* success */ = {
			isa = PBXGroup;
			children = (
				C592915A284DDCB7004D56D0 /* 백준1406.swift */,
				C592915B284DDCB7004D56D0 /* 백준2587.swift */,
				C592915C284DDCB7004D56D0 /* 백준5430.swift */,
				C592915D284DDCB7004D56D0 /* 백준10808.swift */,
				C592915E284DDCB7004D56D0 /* 백준10866.swift */,
				C592915F284DF669004D56D0 /* 백준 1021.swift */,
				C5540DAD284F3DE600B69ED8 /* 백준1926.swift */,
				C5540DAF284F454A00B69ED8 /* 백준1475.swift */,
				C5540DB4284F60F800B69ED8 /* 백준3273.swift */,
				C5C8A7A32850A609006A90F4 /* 백준2178(DFS-미로).swift */,
				C5DDA98B2854333C0074BB2D /* 백준7576(DFS-토마토).swift */,
				C5DE4410285AD44800202B7E /* 백준5648(정렬-역원소정렬).swift */,
				C5DE4412285AE95200202B7E /* 백준1181(정렬-단어정렬).swift */,
				C57CA398285ED03100B17D66 /*  백준7795(정렬-먹을것인가 먹힐것인가).swift */,
				C550C3052865E4C20005C59E /* 백준1932(다이나믹-정수삼각형).swift */,
				C5F69C352866EF5D002FE600 /* ❌백준2579(다이나믹-계단오르기).swift */,
				C56103832868A7E1006F1E67 /* ❌백준1912(다이나믹-연속합).swift */,
				C5A9BB9A286AEFDD0075D3D4 /* 백준11047(그리디-동전).swift */,
				C52BED73286BFC78002D3E5C /* 백준1978(수학-소수찾기).swift */,
				C5AE1208286D9D04003E7947 /* ⏰백준1929(수학-소수구하기).swift */,
				C5C23688286E956A00B0E2E6 /* 백준1920(이분탐색-수찾기).swift */,
			);
			path = success;
			sourceTree = SOURCE_ROOT;
		};
/* End PBXGroup section */

/* Begin PBXNativeTarget section */
		C5929147284DCB92004D56D0 /* algorithm */ = {
			isa = PBXNativeTarget;
			buildConfigurationList = C592914F284DCB92004D56D0 /* Build configuration list for PBXNativeTarget "algorithm" */;
			buildPhases = (
				C5929144284DCB92004D56D0 /* Sources */,
				C5929145284DCB92004D56D0 /* Frameworks */,
				C5929146284DCB92004D56D0 /* CopyFiles */,
			);
			buildRules = (
			);
			dependencies = (
			);
			name = algorithm;
			productName = algorithm;
			productReference = C5929148284DCB92004D56D0 /* algorithm */;
			productType = "com.apple.product-type.tool";
		};
/* End PBXNativeTarget section */

/* Begin PBXProject section */
		C5929140284DCB92004D56D0 /* Project object */ = {
			isa = PBXProject;
			attributes = {
				BuildIndependentTargetsInParallel = 1;
				LastSwiftUpdateCheck = 1330;
				LastUpgradeCheck = 1330;
				TargetAttributes = {
					C5929147284DCB92004D56D0 = {
						CreatedOnToolsVersion = 13.3.1;
					};
				};
			};
			buildConfigurationList = C5929143284DCB92004D56D0 /* Build configuration list for PBXProject "Algorithm" */;
			compatibilityVersion = "Xcode 13.0";
			developmentRegion = en;
			hasScannedForEncodings = 0;
			knownRegions = (
				en,
				Base,
			);
			mainGroup = C592913F284DCB92004D56D0;
			productRefGroup = C5929149284DCB92004D56D0 /* Products */;
			projectDirPath = "";
			projectRoot = "";
			targets = (
				C5929147284DCB92004D56D0 /* algorithm */,
			);
		};
/* End PBXProject section */

/* Begin PBXSourcesBuildPhase section */
		C5929144284DCB92004D56D0 /* Sources */ = {
			isa = PBXSourcesBuildPhase;
			buildActionMask = 2147483647;
			files = (
				C5FBE1BF28532A460073E4EF /* main.swift in Sources */,
			);
			runOnlyForDeploymentPostprocessing = 0;
		};
/* End PBXSourcesBuildPhase section */

/* Begin XCBuildConfiguration section */
		C592914D284DCB92004D56D0 /* Debug */ = {
			isa = XCBuildConfiguration;
			buildSettings = {
				ALWAYS_SEARCH_USER_PATHS = NO;
				CLANG_ANALYZER_NONNULL = YES;
				CLANG_ANALYZER_NUMBER_OBJECT_CONVERSION = YES_AGGRESSIVE;
				CLANG_CXX_LANGUAGE_STANDARD = "gnu++17";
				CLANG_ENABLE_MODULES = YES;
				CLANG_ENABLE_OBJC_ARC = YES;
				CLANG_ENABLE_OBJC_WEAK = YES;
				CLANG_WARN_BLOCK_CAPTURE_AUTORELEASING = YES;
				CLANG_WARN_BOOL_CONVERSION = YES;
				CLANG_WARN_COMMA = YES;
				CLANG_WARN_CONSTANT_CONVERSION = YES;
				CLANG_WARN_DEPRECATED_OBJC_IMPLEMENTATIONS = YES;
				CLANG_WARN_DIRECT_OBJC_ISA_USAGE = YES_ERROR;
				CLANG_WARN_DOCUMENTATION_COMMENTS = YES;
				CLANG_WARN_EMPTY_BODY = YES;
				CLANG_WARN_ENUM_CONVERSION = YES;
				CLANG_WARN_INFINITE_RECURSION = YES;
				CLANG_WARN_INT_CONVERSION = YES;
				CLANG_WARN_NON_LITERAL_NULL_CONVERSION = YES;
				CLANG_WARN_OBJC_IMPLICIT_RETAIN_SELF = YES;
				CLANG_WARN_OBJC_LITERAL_CONVERSION = YES;
				CLANG_WARN_OBJC_ROOT_CLASS = YES_ERROR;
				CLANG_WARN_QUOTED_INCLUDE_IN_FRAMEWORK_HEADER = YES;
				CLANG_WARN_RANGE_LOOP_ANALYSIS = YES;
				CLANG_WARN_STRICT_PROTOTYPES = YES;
				CLANG_WARN_SUSPICIOUS_MOVE = YES;
				CLANG_WARN_UNGUARDED_AVAILABILITY = YES_AGGRESSIVE;
				CLANG_WARN_UNREACHABLE_CODE = YES;
				CLANG_WARN__DUPLICATE_METHOD_MATCH = YES;
				COPY_PHASE_STRIP = NO;
				DEBUG_INFORMATION_FORMAT = dwarf;
				ENABLE_STRICT_OBJC_MSGSEND = YES;
				ENABLE_TESTABILITY = YES;
				GCC_C_LANGUAGE_STANDARD = gnu11;
				GCC_DYNAMIC_NO_PIC = NO;
				GCC_NO_COMMON_BLOCKS = YES;
				GCC_OPTIMIZATION_LEVEL = 0;
				GCC_PREPROCESSOR_DEFINITIONS = (
					"DEBUG=1",
					"$(inherited)",
				);
				GCC_WARN_64_TO_32_BIT_CONVERSION = YES;
				GCC_WARN_ABOUT_RETURN_TYPE = YES_ERROR;
				GCC_WARN_UNDECLARED_SELECTOR = YES;
				GCC_WARN_UNINITIALIZED_AUTOS = YES_AGGRESSIVE;
				GCC_WARN_UNUSED_FUNCTION = YES;
				GCC_WARN_UNUSED_VARIABLE = YES;
				MACOSX_DEPLOYMENT_TARGET = 12.2;
				MTL_ENABLE_DEBUG_INFO = INCLUDE_SOURCE;
				MTL_FAST_MATH = YES;
				ONLY_ACTIVE_ARCH = YES;
				SDKROOT = macosx;
				SWIFT_ACTIVE_COMPILATION_CONDITIONS = DEBUG;
				SWIFT_OPTIMIZATION_LEVEL = "-Onone";
			};
			name = Debug;
		};
		C592914E284DCB92004D56D0 /* Release */ = {
			isa = XCBuildConfiguration;
			buildSettings = {
				ALWAYS_SEARCH_USER_PATHS = NO;
				CLANG_ANALYZER_NONNULL = YES;
				CLANG_ANALYZER_NUMBER_OBJECT_CONVERSION = YES_AGGRESSIVE;
				CLANG_CXX_LANGUAGE_STANDARD = "gnu++17";
				CLANG_ENABLE_MODULES = YES;
				CLANG_ENABLE_OBJC_ARC = YES;
				CLANG_ENABLE_OBJC_WEAK = YES;
				CLANG_WARN_BLOCK_CAPTURE_AUTORELEASING = YES;
				CLANG_WARN_BOOL_CONVERSION = YES;
				CLANG_WARN_COMMA = YES;
				CLANG_WARN_CONSTANT_CONVERSION = YES;
				CLANG_WARN_DEPRECATED_OBJC_IMPLEMENTATIONS = YES;
				CLANG_WARN_DIRECT_OBJC_ISA_USAGE = YES_ERROR;
				CLANG_WARN_DOCUMENTATION_COMMENTS = YES;
				CLANG_WARN_EMPTY_BODY = YES;
				CLANG_WARN_ENUM_CONVERSION = YES;
				CLANG_WARN_INFINITE_RECURSION = YES;
				CLANG_WARN_INT_CONVERSION = YES;
				CLANG_WARN_NON_LITERAL_NULL_CONVERSION = YES;
				CLANG_WARN_OBJC_IMPLICIT_RETAIN_SELF = YES;
				CLANG_WARN_OBJC_LITERAL_CONVERSION = YES;
				CLANG_WARN_OBJC_ROOT_CLASS = YES_ERROR;
				CLANG_WARN_QUOTED_INCLUDE_IN_FRAMEWORK_HEADER = YES;
				CLANG_WARN_RANGE_LOOP_ANALYSIS = YES;
				CLANG_WARN_STRICT_PROTOTYPES = YES;
				CLANG_WARN_SUSPICIOUS_MOVE = YES;
				CLANG_WARN_UNGUARDED_AVAILABILITY = YES_AGGRESSIVE;
				CLANG_WARN_UNREACHABLE_CODE = YES;
				CLANG_WARN__DUPLICATE_METHOD_MATCH = YES;
				COPY_PHASE_STRIP = NO;
				DEBUG_INFORMATION_FORMAT = "dwarf-with-dsym";
				ENABLE_NS_ASSERTIONS = NO;
				ENABLE_STRICT_OBJC_MSGSEND = YES;
				GCC_C_LANGUAGE_STANDARD = gnu11;
				GCC_NO_COMMON_BLOCKS = YES;
				GCC_WARN_64_TO_32_BIT_CONVERSION = YES;
				GCC_WARN_ABOUT_RETURN_TYPE = YES_ERROR;
				GCC_WARN_UNDECLARED_SELECTOR = YES;
				GCC_WARN_UNINITIALIZED_AUTOS = YES_AGGRESSIVE;
				GCC_WARN_UNUSED_FUNCTION = YES;
				GCC_WARN_UNUSED_VARIABLE = YES;
				MACOSX_DEPLOYMENT_TARGET = 12.2;
				MTL_ENABLE_DEBUG_INFO = NO;
				MTL_FAST_MATH = YES;
				SDKROOT = macosx;
				SWIFT_COMPILATION_MODE = wholemodule;
				SWIFT_OPTIMIZATION_LEVEL = "-O";
			};
			name = Release;
		};
		C5929150284DCB92004D56D0 /* Debug */ = {
			isa = XCBuildConfiguration;
			buildSettings = {
				CODE_SIGN_STYLE = Automatic;
				DEVELOPMENT_TEAM = 2QHZXV9AND;
				ENABLE_HARDENED_RUNTIME = YES;
				PRODUCT_NAME = "$(TARGET_NAME)";
				SWIFT_VERSION = 5.0;
			};
			name = Debug;
		};
		C5929151284DCB92004D56D0 /* Release */ = {
			isa = XCBuildConfiguration;
			buildSettings = {
				CODE_SIGN_STYLE = Automatic;
				DEVELOPMENT_TEAM = 2QHZXV9AND;
				ENABLE_HARDENED_RUNTIME = YES;
				PRODUCT_NAME = "$(TARGET_NAME)";
				SWIFT_VERSION = 5.0;
			};
			name = Release;
		};
/* End XCBuildConfiguration section */

/* Begin XCConfigurationList section */
		C5929143284DCB92004D56D0 /* Build configuration list for PBXProject "Algorithm" */ = {
			isa = XCConfigurationList;
			buildConfigurations = (
				C592914D284DCB92004D56D0 /* Debug */,
				C592914E284DCB92004D56D0 /* Release */,
			);
			defaultConfigurationIsVisible = 0;
			defaultConfigurationName = Release;
		};
		C592914F284DCB92004D56D0 /* Build configuration list for PBXNativeTarget "algorithm" */ = {
			isa = XCConfigurationList;
			buildConfigurations = (
				C5929150284DCB92004D56D0 /* Debug */,
				C5929151284DCB92004D56D0 /* Release */,
			);
			defaultConfigurationIsVisible = 0;
			defaultConfigurationName = Release;
		};
/* End XCConfigurationList section */
	};
	rootObject = C5929140284DCB92004D56D0 /* Project object */;
}
